
Microsoft Visual Studio Solution File, Format Version 12.00
# Visual Studio Version 17
VisualStudioVersion = 17.7.34024.191
MinimumVisualStudioVersion = 10.0.40219.1
Project("{FAE04EC0-301F-11D3-BF4B-00C04F79EFBC}") = "5thGradeV4", "5thGradeV4\5thGradeV4.csproj", "{00ECB3A4-6CA5-4A93-BAFE-1B0A2F11EA6F}"
EndProject
Global
	GlobalSection(SolutionConfigurationPlatforms) = preSolution
		Debug|Any CPU = Debug|Any CPU
		Release|Any CPU = Release|Any CPU
	EndGlobalSection
	GlobalSection(ProjectConfigurationPlatforms) = postSolution
		{00ECB3A4-6CA5-4A93-BAFE-1B0A2F11EA6F}.Debug|Any CPU.ActiveCfg = Debug|Any CPU
		{00ECB3A4-6CA5-4A93-BAFE-1B0A2F11EA6F}.Debug|Any CPU.Build.0 = Debug|Any CPU
		{00ECB3A4-6CA5-4A93-BAFE-1B0A2F11EA6F}.Release|Any CPU.ActiveCfg = Release|Any CPU
		{00ECB3A4-6CA5-4A93-BAFE-1B0A2F11EA6F}.Release|Any CPU.Build.0 = Release|Any CPU
	EndGlobalSection
	GlobalSection(SolutionProperties) = preSolution
		HideSolutionNode = FALSE
	EndGlobalSection
	GlobalSection(ExtensibilityGlobals) = postSolution
		SolutionGuid = {6A005CF1-C65A-4DF5-8890-C17DDAE553A6}
	EndGlobalSection
EndGlobal
